// !$*UTF8*$!
{
	archiveVersion = 1;
	classes = {
	};
	objectVersion = 50;
	objects = {

/* Begin PBXBuildFile section */
		1FCC09EE2143E784002246F8 /* AppDelegate.swift in Sources */ = {isa = PBXBuildFile; fileRef = 1FCC09ED2143E784002246F8 /* AppDelegate.swift */; };
		1FCC09F02143E784002246F8 /* ViewController.swift in Sources */ = {isa = PBXBuildFile; fileRef = 1FCC09EF2143E784002246F8 /* ViewController.swift */; };
		1FCC09F32143E784002246F8 /* Main.storyboard in Resources */ = {isa = PBXBuildFile; fileRef = 1FCC09F12143E784002246F8 /* Main.storyboard */; };
		1FCC09F52143E786002246F8 /* Assets.xcassets in Resources */ = {isa = PBXBuildFile; fileRef = 1FCC09F42143E786002246F8 /* Assets.xcassets */; };
		1FCC09F82143E786002246F8 /* LaunchScreen.storyboard in Resources */ = {isa = PBXBuildFile; fileRef = 1FCC09F62143E786002246F8 /* LaunchScreen.storyboard */; };
		1FCC0A032143E786002246F8 /* TDDSampleTests.swift in Sources */ = {isa = PBXBuildFile; fileRef = 1FCC0A022143E786002246F8 /* TDDSampleTests.swift */; };
/* End PBXBuildFile section */

/* Begin PBXContainerItemProxy section */
		1FCC09FF2143E786002246F8 /* PBXContainerItemProxy */ = {
			isa = PBXContainerItemProxy;
			containerPortal = 1FCC09E22143E784002246F8 /* Project object */;
			proxyType = 1;
			remoteGlobalIDString = 1FCC09E92143E784002246F8;
			remoteInfo = TDDSample;
		};
/* End PBXContainerItemProxy section */

/* Begin PBXFileReference section */
		1FCC09EA2143E784002246F8 /* TDDSample.app */ = {isa = PBXFileReference; explicitFileType = wrapper.application; includeInIndex = 0; path = TDDSample.app; sourceTree = BUILT_PRODUCTS_DIR; };
		1FCC09ED2143E784002246F8 /* AppDelegate.swift */ = {isa = PBXFileReference; lastKnownFileType = sourcecode.swift; path = AppDelegate.swift; sourceTree = "<group>"; };
		1FCC09EF2143E784002246F8 /* ViewController.swift */ = {isa = PBXFileReference; lastKnownFileType = sourcecode.swift; path = ViewController.swift; sourceTree = "<group>"; };
		1FCC09F22143E784002246F8 /* Base */ = {isa = PBXFileReference; lastKnownFileType = file.storyboard; name = Base; path = Base.lproj/Main.storyboard; sourceTree = "<group>"; };
		1FCC09F42143E786002246F8 /* Assets.xcassets */ = {isa = PBXFileReference; lastKnownFileType = folder.assetcatalog; path = Assets.xcassets; sourceTree = "<group>"; };
		1FCC09F72143E786002246F8 /* Base */ = {isa = PBXFileReference; lastKnownFileType = file.storyboard; name = Base; path = Base.lproj/LaunchScreen.storyboard; sourceTree = "<group>"; };
		1FCC09F92143E786002246F8 /* Info.plist */ = {isa = PBXFileReference; lastKnownFileType = text.plist.xml; path = Info.plist; sourceTree = "<group>"; };
		1FCC09FE2143E786002246F8 /* TDDSampleTests.xctest */ = {isa = PBXFileReference; explicitFileType = wrapper.cfbundle; includeInIndex = 0; path = TDDSampleTests.xctest; sourceTree = BUILT_PRODUCTS_DIR; };
		1FCC0A022143E786002246F8 /* TDDSampleTests.swift */ = {isa = PBXFileReference; lastKnownFileType = sourcecode.swift; path = TDDSampleTests.swift; sourceTree = "<group>"; };
		1FCC0A042143E786002246F8 /* Info.plist */ = {isa = PBXFileReference; lastKnownFileType = text.plist.xml; path = Info.plist; sourceTree = "<group>"; };
/* End PBXFileReference section */

/* Begin PBXFrameworksBuildPhase section */
		1FCC09E72143E784002246F8 /* Frameworks */ = {
			isa = PBXFrameworksBuildPhase;
			buildActionMask = 2147483647;
			files = (
			);
			runOnlyForDeploymentPostprocessing = 0;
		};
		1FCC09FB2143E786002246F8 /* Frameworks */ = {
			isa = PBXFrameworksBuildPhase;
			buildActionMask = 2147483647;
			files = (
			);
			runOnlyForDeploymentPostprocessing = 0;
		};
/* End PBXFrameworksBuildPhase section */

/* Begin PBXGroup section */
		1FCC09E12143E784002246F8 = {
			isa = PBXGroup;
			children = (
				1FCC09EC2143E784002246F8 /* TDDSample */,
				1FCC0A012143E786002246F8 /* TDDSampleTests */,
				1FCC09EB2143E784002246F8 /* Products */,
			);
			sourceTree = "<group>";
		};
		1FCC09EB2143E784002246F8 /* Products */ = {
			isa = PBXGroup;
			children = (
				1FCC09EA2143E784002246F8 /* TDDSample.app */,
				1FCC09FE2143E786002246F8 /* TDDSampleTests.xctest */,
			);
			name = Products;
			sourceTree = "<group>";
		};
		1FCC09EC2143E784002246F8 /* TDDSample */ = {
			isa = PBXGroup;
			children = (
				1FCC09ED2143E784002246F8 /* AppDelegate.swift */,
				1FCC09EF2143E784002246F8 /* ViewController.swift */,
				1FCC09F12143E784002246F8 /* Main.storyboard */,
				1FCC09F42143E786002246F8 /* Assets.xcassets */,
				1FCC09F62143E786002246F8 /* LaunchScreen.storyboard */,
				1FCC09F92143E786002246F8 /* Info.plist */,
			);
			path = TDDSample;
			sourceTree = "<group>";
		};
		1FCC0A012143E786002246F8 /* TDDSampleTests */ = {
			isa = PBXGroup;
			children = (
				1FCC0A022143E786002246F8 /* TDDSampleTests.swift */,
				1FCC0A042143E786002246F8 /* Info.plist */,
			);
			path = TDDSampleTests;
			sourceTree = "<group>";
		};
/* End PBXGroup section */

/* Begin PBXNativeTarget section */
		1FCC09E92143E784002246F8 /* TDDSample */ = {
			isa = PBXNativeTarget;
			buildConfigurationList = 1FCC0A072143E786002246F8 /* Build configuration list for PBXNativeTarget "TDDSample" */;
			buildPhases = (
				1FCC09E62143E784002246F8 /* Sources */,
				1FCC09E72143E784002246F8 /* Frameworks */,
				1FCC09E82143E784002246F8 /* Resources */,
			);
			buildRules = (
			);
			dependencies = (
			);
			name = TDDSample;
			productName = TDDSample;
			productReference = 1FCC09EA2143E784002246F8 /* TDDSample.app */;
			productType = "com.apple.product-type.application";
		};
		1FCC09FD2143E786002246F8 /* TDDSampleTests */ = {
			isa = PBXNativeTarget;
			buildConfigurationList = 1FCC0A0A2143E786002246F8 /* Build configuration list for PBXNativeTarget "TDDSampleTests" */;
			buildPhases = (
				1FCC09FA2143E786002246F8 /* Sources */,
				1FCC09FB2143E786002246F8 /* Frameworks */,
				1FCC09FC2143E786002246F8 /* Resources */,
			);
			buildRules = (
			);
			dependencies = (
				1FCC0A002143E786002246F8 /* PBXTargetDependency */,
			);
			name = TDDSampleTests;
			productName = TDDSampleTests;
			productReference = 1FCC09FE2143E786002246F8 /* TDDSampleTests.xctest */;
			productType = "com.apple.product-type.bundle.unit-test";
		};
/* End PBXNativeTarget section */

/* Begin PBXProject section */
		1FCC09E22143E784002246F8 /* Project object */ = {
			isa = PBXProject;
			attributes = {
				LastSwiftUpdateCheck = 0940;
				LastUpgradeCheck = 0940;
				ORGANIZATIONNAME = idonuntius;
				TargetAttributes = {
					1FCC09E92143E784002246F8 = {
						CreatedOnToolsVersion = 9.4.1;
					};
					1FCC09FD2143E786002246F8 = {
						CreatedOnToolsVersion = 9.4.1;
						TestTargetID = 1FCC09E92143E784002246F8;
					};
				};
			};
			buildConfigurationList = 1FCC09E52143E784002246F8 /* Build configuration list for PBXProject "TDDSample" */;
			compatibilityVersion = "Xcode 9.3";
			developmentRegion = en;
			hasScannedForEncodings = 0;
			knownRegions = (
				en,
				Base,
			);
			mainGroup = 1FCC09E12143E784002246F8;
			productRefGroup = 1FCC09EB2143E784002246F8 /* Products */;
			projectDirPath = "";
			projectRoot = "";
			targets = (
				1FCC09E92143E784002246F8 /* TDDSample */,
				1FCC09FD2143E786002246F8 /* TDDSampleTests */,
			);
		};
/* End PBXProject section */

/* Begin PBXResourcesBuildPhase section */
		1FCC09E82143E784002246F8 /* Resources */ = {
			isa = PBXResourcesBuildPhase;
			buildActionMask = 2147483647;
			files = (
				1FCC09F82143E786002246F8 /* LaunchScreen.storyboard in Resources */,
				1FCC09F52143E786002246F8 /* Assets.xcassets in Resources */,
				1FCC09F32143E784002246F8 /* Main.storyboard in Resources */,
			);
			runOnlyForDeploymentPostprocessing = 0;
		};
		1FCC09FC2143E786002246F8 /* Resources */ = {
			isa = PBXResourcesBuildPhase;
			buildActionMask = 2147483647;
			files = (
			);
			runOnlyForDeploymentPostprocessing = 0;
		};
/* End PBXResourcesBuildPhase section */

/* Begin PBXSourcesBuildPhase section */
		1FCC09E62143E784002246F8 /* Sources */ = {
			isa = PBXSourcesBuildPhase;
			buildActionMask = 2147483647;
			files = (
				1FCC09F02143E784002246F8 /* ViewController.swift in Sources */,
				1FCC09EE2143E784002246F8 /* AppDelegate.swift in Sources */,
			);
			runOnlyForDeploymentPostprocessing = 0;
		};
		1FCC09FA2143E786002246F8 /* Sources */ = {
			isa = PBXSourcesBuildPhase;
			buildActionMask = 2147483647;
			files = (
				1FCC0A032143E786002246F8 /* TDDSampleTests.swift in Sources */,
			);
			runOnlyForDeploymentPostprocessing = 0;
		};
/* End PBXSourcesBuildPhase section */

/* Begin PBXTargetDependency section */
		1FCC0A002143E786002246F8 /* PBXTargetDependency */ = {
			isa = PBXTargetDependency;
			target = 1FCC09E92143E784002246F8 /* TDDSample */;
			targetProxy = 1FCC09FF2143E786002246F8 /* PBXContainerItemProxy */;
		};
/* End PBXTargetDependency section */

/* Begin PBXVariantGroup section */
		1FCC09F12143E784002246F8 /* Main.storyboard */ = {
			isa = PBXVariantGroup;
			children = (
				1FCC09F22143E784002246F8 /* Base */,
			);
			name = Main.storyboard;
			sourceTree = "<group>";
		};
		1FCC09F62143E786002246F8 /* LaunchScreen.storyboard */ = {
			isa = PBXVariantGroup;
			children = (
				1FCC09F72143E786002246F8 /* Base */,
			);
			name = LaunchScreen.storyboard;
			sourceTree = "<group>";
		};
/* End PBXVariantGroup section */

/* Begin XCBuildConfiguration section */
		1FCC0A052143E786002246F8 /* Debug */ = {
			isa = XCBuildConfiguration;
			buildSettings = {
				ALWAYS_SEARCH_USER_PATHS = NO;
				CLANG_ANALYZER_NONNULL = YES;
				CLANG_ANALYZER_NUMBER_OBJECT_CONVERSION = YES_AGGRESSIVE;
				CLANG_CXX_LANGUAGE_STANDARD = "gnu++14";
				CLANG_CXX_LIBRARY = "libc++";
				CLANG_ENABLE_MODULES = YES;
				CLANG_ENABLE_OBJC_ARC = YES;
				CLANG_ENABLE_OBJC_WEAK = YES;
				CLANG_WARN_BLOCK_CAPTURE_AUTORELEASING = YES;
				CLANG_WARN_BOOL_CONVERSION = YES;
				CLANG_WARN_COMMA = YES;
				CLANG_WARN_CONSTANT_CONVERSION = YES;
				CLANG_WARN_DEPRECATED_OBJC_IMPLEMENTATIONS = YES;
				CLANG_WARN_DIRECT_OBJC_ISA_USAGE = YES_ERROR;
				CLANG_WARN_DOCUMENTATION_COMMENTS = YES;
				CLANG_WARN_EMPTY_BODY = YES;
				CLANG_WARN_ENUM_CONVERSION = YES;
				CLANG_WARN_INFINITE_RECURSION = YES;
				CLANG_WARN_INT_CONVERSION = YES;
				CLANG_WARN_NON_LITERAL_NULL_CONVERSION = YES;
				CLANG_WARN_OBJC_IMPLICIT_RETAIN_SELF = YES;
				CLANG_WARN_OBJC_LITERAL_CONVERSION = YES;
				CLANG_WARN_OBJC_ROOT_CLASS = YES_ERROR;
				CLANG_WARN_RANGE_LOOP_ANALYSIS = YES;
				CLANG_WARN_STRICT_PROTOTYPES = YES;
				CLANG_WARN_SUSPICIOUS_MOVE = YES;
				CLANG_WARN_UNGUARDED_AVAILABILITY = YES_AGGRESSIVE;
				CLANG_WARN_UNREACHABLE_CODE = YES;
				CLANG_WARN__DUPLICATE_METHOD_MATCH = YES;
				CODE_SIGN_IDENTITY = "iPhone Developer";
				COPY_PHASE_STRIP = NO;
				DEBUG_INFORMATION_FORMAT = dwarf;
				ENABLE_STRICT_OBJC_MSGSEND = YES;
				ENABLE_TESTABILITY = YES;
				GCC_C_LANGUAGE_STANDARD = gnu11;
				GCC_DYNAMIC_NO_PIC = NO;
				GCC_NO_COMMON_BLOCKS = YES;
				GCC_OPTIMIZATION_LEVEL = 0;
				GCC_PREPROCESSOR_DEFINITIONS = (
					"DEBUG=1",
					"$(inherited)",
				);
				GCC_WARN_64_TO_32_BIT_CONVERSION = YES;
				GCC_WARN_ABOUT_RETURN_TYPE = YES_ERROR;
				GCC_WARN_UNDECLARED_SELECTOR = YES;
				GCC_WARN_UNINITIALIZED_AUTOS = YES_AGGRESSIVE;
				GCC_WARN_UNUSED_FUNCTION = YES;
				GCC_WARN_UNUSED_VARIABLE = YES;
				IPHONEOS_DEPLOYMENT_TARGET = 11.4;
				MTL_ENABLE_DEBUG_INFO = YES;
				ONLY_ACTIVE_ARCH = YES;
				SDKROOT = iphoneos;
				SWIFT_ACTIVE_COMPILATION_CONDITIONS = DEBUG;
				SWIFT_OPTIMIZATION_LEVEL = "-Onone";
			};
			name = Debug;
		};
		1FCC0A062143E786002246F8 /* Release */ = {
			isa = XCBuildConfiguration;
			buildSettings = {
				ALWAYS_SEARCH_USER_PATHS = NO;
				CLANG_ANALYZER_NONNULL = YES;
				CLANG_ANALYZER_NUMBER_OBJECT_CONVERSION = YES_AGGRESSIVE;
				CLANG_CXX_LANGUAGE_STANDARD = "gnu++14";
				CLANG_CXX_LIBRARY = "libc++";
				CLANG_ENABLE_MODULES = YES;
				CLANG_ENABLE_OBJC_ARC = YES;
				CLANG_ENABLE_OBJC_WEAK = YES;
				CLANG_WARN_BLOCK_CAPTURE_AUTORELEASING = YES;
				CLANG_WARN_BOOL_CONVERSION = YES;
				CLANG_WARN_COMMA = YES;
				CLANG_WARN_CONSTANT_CONVERSION = YES;
				CLANG_WARN_DEPRECATED_OBJC_IMPLEMENTATIONS = YES;
				CLANG_WARN_DIRECT_OBJC_ISA_USAGE = YES_ERROR;
				CLANG_WARN_DOCUMENTATION_COMMENTS = YES;
				CLANG_WARN_EMPTY_BODY = YES;
				CLANG_WARN_ENUM_CONVERSION = YES;
				CLANG_WARN_INFINITE_RECURSION = YES;
				CLANG_WARN_INT_CONVERSION = YES;
				CLANG_WARN_NON_LITERAL_NULL_CONVERSION = YES;
				CLANG_WARN_OBJC_IMPLICIT_RETAIN_SELF = YES;
				CLANG_WARN_OBJC_LITERAL_CONVERSION = YES;
				CLANG_WARN_OBJC_ROOT_CLASS = YES_ERROR;
				CLANG_WARN_RANGE_LOOP_ANALYSIS = YES;
				CLANG_WARN_STRICT_PROTOTYPES = YES;
				CLANG_WARN_SUSPICIOUS_MOVE = YES;
				CLANG_WARN_UNGUARDED_AVAILABILITY = YES_AGGRESSIVE;
				CLANG_WARN_UNREACHABLE_CODE = YES;
				CLANG_WARN__DUPLICATE_METHOD_MATCH = YES;
				CODE_SIGN_IDENTITY = "iPhone Developer";
				COPY_PHASE_STRIP = NO;
				DEBUG_INFORMATION_FORMAT = "dwarf-with-dsym";
				ENABLE_NS_ASSERTIONS = NO;
				ENABLE_STRICT_OBJC_MSGSEND = YES;
				GCC_C_LANGUAGE_STANDARD = gnu11;
				GCC_NO_COMMON_BLOCKS = YES;
				GCC_WARN_64_TO_32_BIT_CONVERSION = YES;
				GCC_WARN_ABOUT_RETURN_TYPE = YES_ERROR;
				GCC_WARN_UNDECLARED_SELECTOR = YES;
				GCC_WARN_UNINITIALIZED_AUTOS = YES_AGGRESSIVE;
				GCC_WARN_UNUSED_FUNCTION = YES;
				GCC_WARN_UNUSED_VARIABLE = YES;
				IPHONEOS_DEPLOYMENT_TARGET = 11.4;
				MTL_ENABLE_DEBUG_INFO = NO;
				SDKROOT = iphoneos;
				SWIFT_COMPILATION_MODE = wholemodule;
				SWIFT_OPTIMIZATION_LEVEL = "-O";
				VALIDATE_PRODUCT = YES;
			};
			name = Release;
		};
		1FCC0A082143E786002246F8 /* Debug */ = {
			isa = XCBuildConfiguration;
			buildSettings = {
				ASSETCATALOG_COMPILER_APPICON_NAME = AppIcon;
				CODE_SIGN_STYLE = Automatic;
				DEVELOPMENT_TEAM = FY775XZ7F9;
				INFOPLIST_FILE = TDDSample/Info.plist;
				LD_RUNPATH_SEARCH_PATHS = (
					"$(inherited)",
					"@executable_path/Frameworks",
				);
				PRODUCT_BUNDLE_IDENTIFIER = com.idonuntius.TDDSample;
				PRODUCT_NAME = "$(TARGET_NAME)";
				SWIFT_VERSION = 4.0;
				TARGETED_DEVICE_FAMILY = "1,2";
			};
			name = Debug;
		};
		1FCC0A092143E786002246F8 /* Release */ = {
			isa = XCBuildConfiguration;
			buildSettings = {
				ASSETCATALOG_COMPILER_APPICON_NAME = AppIcon;
				CODE_SIGN_STYLE = Automatic;
				DEVELOPMENT_TEAM = FY775XZ7F9;
				INFOPLIST_FILE = TDDSample/Info.plist;
				LD_RUNPATH_SEARCH_PATHS = (
					"$(inherited)",
					"@executable_path/Frameworks",
				);
				PRODUCT_BUNDLE_IDENTIFIER = com.idonuntius.TDDSample;
				PRODUCT_NAME = "$(TARGET_NAME)";
				SWIFT_VERSION = 4.0;
				TARGETED_DEVICE_FAMILY = "1,2";
			};
			name = Release;
		};
		1FCC0A0B2143E786002246F8 /* Debug */ = {
			isa = XCBuildConfiguration;
			buildSettings = {
				ALWAYS_EMBED_SWIFT_STANDARD_LIBRARIES = YES;
				BUNDLE_LOADER = "$(TEST_HOST)";
				CODE_SIGN_STYLE = Automatic;
				DEVELOPMENT_TEAM = 24F7HVBW3N;
				INFOPLIST_FILE = TDDSampleTests/Info.plist;
				LD_RUNPATH_SEARCH_PATHS = (
					"$(inherited)",
					"@executable_path/Frameworks",
					"@loader_path/Frameworks",
				);
				PRODUCT_BUNDLE_IDENTIFIER = com.idonuntius.TDDSampleTests;
				PRODUCT_NAME = "$(TARGET_NAME)";
				SWIFT_VERSION = 4.0;
				TARGETED_DEVICE_FAMILY = "1,2";
				TEST_HOST = "$(BUILT_PRODUCTS_DIR)/TDDSample.app/TDDSample";
			};
			name = Debug;
		};
		1FCC0A0C2143E786002246F8 /* Release */ = {
			isa = XCBuildConfiguration;
			buildSettings = {
				ALWAYS_EMBED_SWIFT_STANDARD_LIBRARIES = YES;
				BUNDLE_LOADER = "$(TEST_HOST)";
				CODE_SIGN_STYLE = Automatic;
				DEVELOPMENT_TEAM = 24F7HVBW3N;
				INFOPLIST_FILE = TDDSampleTests/Info.plist;
				LD_RUNPATH_SEARCH_PATHS = (
					"$(inherited)",
					"@executable_path/Frameworks",
					"@loader_path/Frameworks",
				);
				PRODUCT_BUNDLE_IDENTIFIER = com.idonuntius.TDDSampleTests;
				PRODUCT_NAME = "$(TARGET_NAME)";
				SWIFT_VERSION = 4.0;
				TARGETED_DEVICE_FAMILY = "1,2";
				TEST_HOST = "$(BUILT_PRODUCTS_DIR)/TDDSample.app/TDDSample";
			};
			name = Release;
		};
/* End XCBuildConfiguration section */

/* Begin XCConfigurationList section */
		1FCC09E52143E784002246F8 /* Build configuration list for PBXProject "TDDSample" */ = {
			isa = XCConfigurationList;
			buildConfigurations = (
				1FCC0A052143E786002246F8 /* Debug */,
				1FCC0A062143E786002246F8 /* Release */,
			);
			defaultConfigurationIsVisible = 0;
			defaultConfigurationName = Release;
		};
		1FCC0A072143E786002246F8 /* Build configuration list for PBXNativeTarget "TDDSample" */ = {
			isa = XCConfigurationList;
			buildConfigurations = (
				1FCC0A082143E786002246F8 /* Debug */,
				1FCC0A092143E786002246F8 /* Release */,
			);
			defaultConfigurationIsVisible = 0;
			defaultConfigurationName = Release;
		};
		1FCC0A0A2143E786002246F8 /* Build configuration list for PBXNativeTarget "TDDSampleTests" */ = {
			isa = XCConfigurationList;
			buildConfigurations = (
				1FCC0A0B2143E786002246F8 /* Debug */,
				1FCC0A0C2143E786002246F8 /* Release */,
			);
			defaultConfigurationIsVisible = 0;
			defaultConfigurationName = Release;
		};
/* End XCConfigurationList section */
	};
	rootObject = 1FCC09E22143E784002246F8 /* Project object */;
}
